
Microsoft Visual Studio Solution File, Format Version 12.00
# Visual Studio Version 16
VisualStudioVersion = 16.0.28922.388
MinimumVisualStudioVersion = 10.0.40219.1
Project("{9A19103F-16F7-4668-BE54-9A1E7A4F7556}") = "FirstEFCoreDemo", "FirstEFCoreDemo\FirstEFCoreDemo.csproj", "{F9A8CEF3-DA21-4E90-9940-0683697B9481}"
EndProject
Project("{9A19103F-16F7-4668-BE54-9A1E7A4F7556}") = "EFCoreDemo.Model", "EFCoreDemo.Model\EFCoreDemo.Model.csproj", "{761D3557-93F1-479E-AF1C-FF767F070153}"
EndProject
Project("{9A19103F-16F7-4668-BE54-9A1E7A4F7556}") = "EFCoreDemo2", "EFCoreDemo2\EFCoreDemo2.csproj", "{1AC235FF-BCB7-45C1-9F66-7282FB2479ED}"
EndProject
Project("{9A19103F-16F7-4668-BE54-9A1E7A4F7556}") = "EFCoreDemo3", "EFCoreDemo3\EFCoreDemo3.csproj", "{D172392E-6CE0-48E7-A627-CB2AC98D5230}"
EndProject
Project("{2150E333-8FDC-42A3-9474-1A3956D46DE8}") = "Demo3", "Demo3", "{755E9264-B59E-47EF-A582-83E453430851}"
EndProject
Project("{9A19103F-16F7-4668-BE54-9A1E7A4F7556}") = "DbMigrationForDemo3", "DbMigrationForDemo3\DbMigrationForDemo3.csproj", "{9E5A7610-E3D5-44AC-A53F-B844D285A76E}"
EndProject
Project("{FAE04EC0-301F-11D3-BF4B-00C04F79EFBC}") = "MyApp.Migrations", "MyApp.Migrations\MyApp.Migrations.csproj", "{C2CADD5A-CDE2-4234-80BF-10F49BC4B236}"
EndProject
Project("{2150E333-8FDC-42A3-9474-1A3956D46DE8}") = "QueryDemo", "QueryDemo", "{63519762-3C60-4494-9C84-A5CB540BA276}"
EndProject
Project("{FAE04EC0-301F-11D3-BF4B-00C04F79EFBC}") = "EFCoreDemo4", "EFCoreDemo4\EFCoreDemo4.csproj", "{53D10963-729C-4835-9615-FF89E3869D4A}"
EndProject
Global
	GlobalSection(SolutionConfigurationPlatforms) = preSolution
		Debug|Any CPU = Debug|Any CPU
		Release|Any CPU = Release|Any CPU
	EndGlobalSection
	GlobalSection(ProjectConfigurationPlatforms) = postSolution
		{F9A8CEF3-DA21-4E90-9940-0683697B9481}.Debug|Any CPU.ActiveCfg = Debug|Any CPU
		{F9A8CEF3-DA21-4E90-9940-0683697B9481}.Debug|Any CPU.Build.0 = Debug|Any CPU
		{F9A8CEF3-DA21-4E90-9940-0683697B9481}.Release|Any CPU.ActiveCfg = Release|Any CPU
		{F9A8CEF3-DA21-4E90-9940-0683697B9481}.Release|Any CPU.Build.0 = Release|Any CPU
		{761D3557-93F1-479E-AF1C-FF767F070153}.Debug|Any CPU.ActiveCfg = Debug|Any CPU
		{761D3557-93F1-479E-AF1C-FF767F070153}.Debug|Any CPU.Build.0 = Debug|Any CPU
		{761D3557-93F1-479E-AF1C-FF767F070153}.Release|Any CPU.ActiveCfg = Release|Any CPU
		{761D3557-93F1-479E-AF1C-FF767F070153}.Release|Any CPU.Build.0 = Release|Any CPU
		{1AC235FF-BCB7-45C1-9F66-7282FB2479ED}.Debug|Any CPU.ActiveCfg = Debug|Any CPU
		{1AC235FF-BCB7-45C1-9F66-7282FB2479ED}.Debug|Any CPU.Build.0 = Debug|Any CPU
		{1AC235FF-BCB7-45C1-9F66-7282FB2479ED}.Release|Any CPU.ActiveCfg = Release|Any CPU
		{1AC235FF-BCB7-45C1-9F66-7282FB2479ED}.Release|Any CPU.Build.0 = Release|Any CPU
		{D172392E-6CE0-48E7-A627-CB2AC98D5230}.Debug|Any CPU.ActiveCfg = Debug|Any CPU
		{D172392E-6CE0-48E7-A627-CB2AC98D5230}.Debug|Any CPU.Build.0 = Debug|Any CPU
		{D172392E-6CE0-48E7-A627-CB2AC98D5230}.Release|Any CPU.ActiveCfg = Release|Any CPU
		{D172392E-6CE0-48E7-A627-CB2AC98D5230}.Release|Any CPU.Build.0 = Release|Any CPU
		{9E5A7610-E3D5-44AC-A53F-B844D285A76E}.Debug|Any CPU.ActiveCfg = Debug|Any CPU
		{9E5A7610-E3D5-44AC-A53F-B844D285A76E}.Debug|Any CPU.Build.0 = Debug|Any CPU
		{9E5A7610-E3D5-44AC-A53F-B844D285A76E}.Release|Any CPU.ActiveCfg = Release|Any CPU
		{9E5A7610-E3D5-44AC-A53F-B844D285A76E}.Release|Any CPU.Build.0 = Release|Any CPU
		{C2CADD5A-CDE2-4234-80BF-10F49BC4B236}.Debug|Any CPU.ActiveCfg = Debug|Any CPU
		{C2CADD5A-CDE2-4234-80BF-10F49BC4B236}.Debug|Any CPU.Build.0 = Debug|Any CPU
		{C2CADD5A-CDE2-4234-80BF-10F49BC4B236}.Release|Any CPU.ActiveCfg = Release|Any CPU
		{C2CADD5A-CDE2-4234-80BF-10F49BC4B236}.Release|Any CPU.Build.0 = Release|Any CPU
		{53D10963-729C-4835-9615-FF89E3869D4A}.Debug|Any CPU.ActiveCfg = Debug|Any CPU
		{53D10963-729C-4835-9615-FF89E3869D4A}.Debug|Any CPU.Build.0 = Debug|Any CPU
		{53D10963-729C-4835-9615-FF89E3869D4A}.Release|Any CPU.ActiveCfg = Release|Any CPU
		{53D10963-729C-4835-9615-FF89E3869D4A}.Release|Any CPU.Build.0 = Release|Any CPU
	EndGlobalSection
	GlobalSection(SolutionProperties) = preSolution
		HideSolutionNode = FALSE
	EndGlobalSection
	GlobalSection(NestedProjects) = preSolution
		{D172392E-6CE0-48E7-A627-CB2AC98D5230} = {755E9264-B59E-47EF-A582-83E453430851}
		{9E5A7610-E3D5-44AC-A53F-B844D285A76E} = {755E9264-B59E-47EF-A582-83E453430851}
		{C2CADD5A-CDE2-4234-80BF-10F49BC4B236} = {755E9264-B59E-47EF-A582-83E453430851}
		{53D10963-729C-4835-9615-FF89E3869D4A} = {63519762-3C60-4494-9C84-A5CB540BA276}
	EndGlobalSection
	GlobalSection(ExtensibilityGlobals) = postSolution
		SolutionGuid = {2009B1B8-F4F8-47BD-AB9B-CF97EB980B2A}
	EndGlobalSection
EndGlobal
