
Microsoft Visual Studio Solution File, Format Version 12.00
# Visual Studio Version 16
VisualStudioVersion = 16.0.28922.388
MinimumVisualStudioVersion = 10.0.40219.1
Project("{9A19103F-16F7-4668-BE54-9A1E7A4F7556}") = "FirstEFCoreDemo", "FirstEFCoreDemo\FirstEFCoreDemo.csproj", "{F9A8CEF3-DA21-4E90-9940-0683697B9481}"
EndProject
Project("{9A19103F-16F7-4668-BE54-9A1E7A4F7556}") = "EFCoreDemo.Model", "EFCoreDemo.Model\EFCoreDemo.Model.csproj", "{761D3557-93F1-479E-AF1C-FF767F070153}"
EndProject
Project("{9A19103F-16F7-4668-BE54-9A1E7A4F7556}") = "EFCoreDemo2", "EFCoreDemo2\EFCoreDemo2.csproj", "{1AC235FF-BCB7-45C1-9F66-7282FB2479ED}"
EndProject
Project("{FAE04EC0-301F-11D3-BF4B-00C04F79EFBC}") = "EFCoreDemo3", "EFCoreDemo3\EFCoreDemo3.csproj", "{D172392E-6CE0-48E7-A627-CB2AC98D5230}"
EndProject
Global
	GlobalSection(SolutionConfigurationPlatforms) = preSolution
		Debug|Any CPU = Debug|Any CPU
		Release|Any CPU = Release|Any CPU
	EndGlobalSection
	GlobalSection(ProjectConfigurationPlatforms) = postSolution
		{F9A8CEF3-DA21-4E90-9940-0683697B9481}.Debug|Any CPU.ActiveCfg = Debug|Any CPU
		{F9A8CEF3-DA21-4E90-9940-0683697B9481}.Debug|Any CPU.Build.0 = Debug|Any CPU
		{F9A8CEF3-DA21-4E90-9940-0683697B9481}.Release|Any CPU.ActiveCfg = Release|Any CPU
		{F9A8CEF3-DA21-4E90-9940-0683697B9481}.Release|Any CPU.Build.0 = Release|Any CPU
		{761D3557-93F1-479E-AF1C-FF767F070153}.Debug|Any CPU.ActiveCfg = Debug|Any CPU
		{761D3557-93F1-479E-AF1C-FF767F070153}.Debug|Any CPU.Build.0 = Debug|Any CPU
		{761D3557-93F1-479E-AF1C-FF767F070153}.Release|Any CPU.ActiveCfg = Release|Any CPU
		{761D3557-93F1-479E-AF1C-FF767F070153}.Release|Any CPU.Build.0 = Release|Any CPU
		{1AC235FF-BCB7-45C1-9F66-7282FB2479ED}.Debug|Any CPU.ActiveCfg = Debug|Any CPU
		{1AC235FF-BCB7-45C1-9F66-7282FB2479ED}.Debug|Any CPU.Build.0 = Debug|Any CPU
		{1AC235FF-BCB7-45C1-9F66-7282FB2479ED}.Release|Any CPU.ActiveCfg = Release|Any CPU
		{1AC235FF-BCB7-45C1-9F66-7282FB2479ED}.Release|Any CPU.Build.0 = Release|Any CPU
		{D172392E-6CE0-48E7-A627-CB2AC98D5230}.Debug|Any CPU.ActiveCfg = Debug|Any CPU
		{D172392E-6CE0-48E7-A627-CB2AC98D5230}.Debug|Any CPU.Build.0 = Debug|Any CPU
		{D172392E-6CE0-48E7-A627-CB2AC98D5230}.Release|Any CPU.ActiveCfg = Release|Any CPU
		{D172392E-6CE0-48E7-A627-CB2AC98D5230}.Release|Any CPU.Build.0 = Release|Any CPU
	EndGlobalSection
	GlobalSection(SolutionProperties) = preSolution
		HideSolutionNode = FALSE
	EndGlobalSection
	GlobalSection(ExtensibilityGlobals) = postSolution
		SolutionGuid = {2009B1B8-F4F8-47BD-AB9B-CF97EB980B2A}
	EndGlobalSection
EndGlobal
